
Microsoft Visual Studio Solution File, Format Version 12.00
# Visual Studio Version 16
VisualStudioVersion = 16.0.30907.101
MinimumVisualStudioVersion = 10.0.40219.1
Project("{FAE04EC0-301F-11D3-BF4B-00C04F79EFBC}") = "Bank", "Bank\Bank.csproj", "{AECAE3F8-52FE-4067-8444-958B47AD2E7D}"
EndProject
Global
	GlobalSection(SolutionConfigurationPlatforms) = preSolution
		Debug|Any CPU = Debug|Any CPU
		Release|Any CPU = Release|Any CPU
	EndGlobalSection
	GlobalSection(ProjectConfigurationPlatforms) = postSolution
		{AECAE3F8-52FE-4067-8444-958B47AD2E7D}.Debug|Any CPU.ActiveCfg = Debug|Any CPU
		{AECAE3F8-52FE-4067-8444-958B47AD2E7D}.Debug|Any CPU.Build.0 = Debug|Any CPU
		{AECAE3F8-52FE-4067-8444-958B47AD2E7D}.Release|Any CPU.ActiveCfg = Release|Any CPU
		{AECAE3F8-52FE-4067-8444-958B47AD2E7D}.Release|Any CPU.Build.0 = Release|Any CPU
	EndGlobalSection
	GlobalSection(SolutionProperties) = preSolution
		HideSolutionNode = FALSE
	EndGlobalSection
	GlobalSection(ExtensibilityGlobals) = postSolution
		SolutionGuid = {640C32FC-AFBB-4052-8B6E-B5091D29B863}
	EndGlobalSection
EndGlobal
